// !$*UTF8*$!
{
	archiveVersion = 1;
	classes = {
	};
	objectVersion = 55;
	objects = {

/* Begin PBXBuildFile section */
		74027DD3285B92CA00806401 /* Player.swift in Sources */ = {isa = PBXBuildFile; fileRef = 74027DD2285B92CA00806401 /* Player.swift */; };
		741394892856555900159033 /* GameLogic.swift in Sources */ = {isa = PBXBuildFile; fileRef = 741394882856555900159033 /* GameLogic.swift */; };
		7413948B2856563300159033 /* Square.swift in Sources */ = {isa = PBXBuildFile; fileRef = 7413948A2856563300159033 /* Square.swift */; };
		7413948D2856566500159033 /* Enums.swift in Sources */ = {isa = PBXBuildFile; fileRef = 7413948C2856566500159033 /* Enums.swift */; };
		7413948F28565EEB00159033 /* GameBoard.swift in Sources */ = {isa = PBXBuildFile; fileRef = 7413948E28565EEB00159033 /* GameBoard.swift */; };
		74613E70285649BB00FF1EF2 /* AppDelegate.swift in Sources */ = {isa = PBXBuildFile; fileRef = 74613E6F285649BB00FF1EF2 /* AppDelegate.swift */; };
		74613E72285649BB00FF1EF2 /* SceneDelegate.swift in Sources */ = {isa = PBXBuildFile; fileRef = 74613E71285649BB00FF1EF2 /* SceneDelegate.swift */; };
		74613E74285649BB00FF1EF2 /* GameViewController.swift in Sources */ = {isa = PBXBuildFile; fileRef = 74613E73285649BB00FF1EF2 /* GameViewController.swift */; };
		74613E79285649BD00FF1EF2 /* Assets.xcassets in Resources */ = {isa = PBXBuildFile; fileRef = 74613E78285649BD00FF1EF2 /* Assets.xcassets */; };
		74613E7C285649BD00FF1EF2 /* LaunchScreen.storyboard in Resources */ = {isa = PBXBuildFile; fileRef = 74613E7A285649BD00FF1EF2 /* LaunchScreen.storyboard */; };
		74660A9228591B22006FBF70 /* Theme.swift in Sources */ = {isa = PBXBuildFile; fileRef = 74660A9128591B22006FBF70 /* Theme.swift */; };
		74660A9428591E22006FBF70 /* Figure.swift in Sources */ = {isa = PBXBuildFile; fileRef = 74660A9328591E22006FBF70 /* Figure.swift */; };
		74700158285B49CB00CB7692 /* Turn.swift in Sources */ = {isa = PBXBuildFile; fileRef = 74700157285B49CB00CB7692 /* Turn.swift */; };
		7483B516285754B100BF3447 /* UIExtensions.swift in Sources */ = {isa = PBXBuildFile; fileRef = 7483B515285754B100BF3447 /* UIExtensions.swift */; };
/* End PBXBuildFile section */

/* Begin PBXFileReference section */
		74027DD2285B92CA00806401 /* Player.swift */ = {isa = PBXFileReference; lastKnownFileType = sourcecode.swift; path = Player.swift; sourceTree = "<group>"; };
		741394882856555900159033 /* GameLogic.swift */ = {isa = PBXFileReference; lastKnownFileType = sourcecode.swift; path = GameLogic.swift; sourceTree = "<group>"; };
		7413948A2856563300159033 /* Square.swift */ = {isa = PBXFileReference; lastKnownFileType = sourcecode.swift; path = Square.swift; sourceTree = "<group>"; };
		7413948C2856566500159033 /* Enums.swift */ = {isa = PBXFileReference; lastKnownFileType = sourcecode.swift; path = Enums.swift; sourceTree = "<group>"; };
		7413948E28565EEB00159033 /* GameBoard.swift */ = {isa = PBXFileReference; lastKnownFileType = sourcecode.swift; path = GameBoard.swift; sourceTree = "<group>"; };
		74613E6C285649BB00FF1EF2 /* Chess_UIKit.app */ = {isa = PBXFileReference; explicitFileType = wrapper.application; includeInIndex = 0; path = Chess_UIKit.app; sourceTree = BUILT_PRODUCTS_DIR; };
		74613E6F285649BB00FF1EF2 /* AppDelegate.swift */ = {isa = PBXFileReference; lastKnownFileType = sourcecode.swift; path = AppDelegate.swift; sourceTree = "<group>"; };
		74613E71285649BB00FF1EF2 /* SceneDelegate.swift */ = {isa = PBXFileReference; lastKnownFileType = sourcecode.swift; path = SceneDelegate.swift; sourceTree = "<group>"; };
		74613E73285649BB00FF1EF2 /* GameViewController.swift */ = {isa = PBXFileReference; lastKnownFileType = sourcecode.swift; path = GameViewController.swift; sourceTree = "<group>"; };
		74613E78285649BD00FF1EF2 /* Assets.xcassets */ = {isa = PBXFileReference; lastKnownFileType = folder.assetcatalog; path = Assets.xcassets; sourceTree = "<group>"; };
		74613E7B285649BD00FF1EF2 /* Base */ = {isa = PBXFileReference; lastKnownFileType = file.storyboard; name = Base; path = Base.lproj/LaunchScreen.storyboard; sourceTree = "<group>"; };
		74613E7D285649BD00FF1EF2 /* Info.plist */ = {isa = PBXFileReference; lastKnownFileType = text.plist.xml; path = Info.plist; sourceTree = "<group>"; };
		74660A9128591B22006FBF70 /* Theme.swift */ = {isa = PBXFileReference; lastKnownFileType = sourcecode.swift; path = Theme.swift; sourceTree = "<group>"; };
		74660A9328591E22006FBF70 /* Figure.swift */ = {isa = PBXFileReference; lastKnownFileType = sourcecode.swift; path = Figure.swift; sourceTree = "<group>"; };
		74700157285B49CB00CB7692 /* Turn.swift */ = {isa = PBXFileReference; lastKnownFileType = sourcecode.swift; path = Turn.swift; sourceTree = "<group>"; };
		7483B515285754B100BF3447 /* UIExtensions.swift */ = {isa = PBXFileReference; lastKnownFileType = sourcecode.swift; path = UIExtensions.swift; sourceTree = "<group>"; };
/* End PBXFileReference section */

/* Begin PBXFrameworksBuildPhase section */
		74613E69285649BB00FF1EF2 /* Frameworks */ = {
			isa = PBXFrameworksBuildPhase;
			buildActionMask = 2147483647;
			files = (
			);
			runOnlyForDeploymentPostprocessing = 0;
		};
/* End PBXFrameworksBuildPhase section */

/* Begin PBXGroup section */
		74613E63285649BB00FF1EF2 = {
			isa = PBXGroup;
			children = (
				74613E6E285649BB00FF1EF2 /* Chess_UIKit */,
				74613E6D285649BB00FF1EF2 /* Products */,
			);
			sourceTree = "<group>";
		};
		74613E6D285649BB00FF1EF2 /* Products */ = {
			isa = PBXGroup;
			children = (
				74613E6C285649BB00FF1EF2 /* Chess_UIKit.app */,
			);
			name = Products;
			sourceTree = "<group>";
		};
		74613E6E285649BB00FF1EF2 /* Chess_UIKit */ = {
			isa = PBXGroup;
			children = (
				74613E852856548900FF1EF2 /* Extensions */,
				74613E842856547400FF1EF2 /* Model */,
				74613E832856545B00FF1EF2 /* Views & Controllers */,
				74613E6F285649BB00FF1EF2 /* AppDelegate.swift */,
				74613E71285649BB00FF1EF2 /* SceneDelegate.swift */,
				74613E78285649BD00FF1EF2 /* Assets.xcassets */,
				74613E7A285649BD00FF1EF2 /* LaunchScreen.storyboard */,
				74613E7D285649BD00FF1EF2 /* Info.plist */,
			);
			path = Chess_UIKit;
			sourceTree = "<group>";
		};
		74613E832856545B00FF1EF2 /* Views & Controllers */ = {
			isa = PBXGroup;
			children = (
				74613E73285649BB00FF1EF2 /* GameViewController.swift */,
			);
			path = "Views & Controllers";
			sourceTree = "<group>";
		};
		74613E842856547400FF1EF2 /* Model */ = {
			isa = PBXGroup;
			children = (
				741394882856555900159033 /* GameLogic.swift */,
				74700157285B49CB00CB7692 /* Turn.swift */,
				7413948E28565EEB00159033 /* GameBoard.swift */,
				74660A9128591B22006FBF70 /* Theme.swift */,
				7413948A2856563300159033 /* Square.swift */,
				74660A9328591E22006FBF70 /* Figure.swift */,
				74027DD2285B92CA00806401 /* Player.swift */,
			);
			path = Model;
			sourceTree = "<group>";
		};
		74613E852856548900FF1EF2 /* Extensions */ = {
			isa = PBXGroup;
			children = (
				7413948C2856566500159033 /* Enums.swift */,
				7483B515285754B100BF3447 /* UIExtensions.swift */,
			);
			path = Extensions;
			sourceTree = "<group>";
		};
/* End PBXGroup section */

/* Begin PBXNativeTarget section */
		74613E6B285649BB00FF1EF2 /* Chess_UIKit */ = {
			isa = PBXNativeTarget;
			buildConfigurationList = 74613E80285649BD00FF1EF2 /* Build configuration list for PBXNativeTarget "Chess_UIKit" */;
			buildPhases = (
				74613E68285649BB00FF1EF2 /* Sources */,
				74613E69285649BB00FF1EF2 /* Frameworks */,
				74613E6A285649BB00FF1EF2 /* Resources */,
			);
			buildRules = (
			);
			dependencies = (
			);
			name = Chess_UIKit;
			productName = Chess_UIKit;
			productReference = 74613E6C285649BB00FF1EF2 /* Chess_UIKit.app */;
			productType = "com.apple.product-type.application";
		};
/* End PBXNativeTarget section */

/* Begin PBXProject section */
		74613E64285649BB00FF1EF2 /* Project object */ = {
			isa = PBXProject;
			attributes = {
				BuildIndependentTargetsInParallel = 1;
				LastSwiftUpdateCheck = 1300;
				LastUpgradeCheck = 1300;
				TargetAttributes = {
					74613E6B285649BB00FF1EF2 = {
						CreatedOnToolsVersion = 13.0;
					};
				};
			};
			buildConfigurationList = 74613E67285649BB00FF1EF2 /* Build configuration list for PBXProject "Chess_UIKit" */;
			compatibilityVersion = "Xcode 13.0";
			developmentRegion = en;
			hasScannedForEncodings = 0;
			knownRegions = (
				en,
				Base,
			);
			mainGroup = 74613E63285649BB00FF1EF2;
			productRefGroup = 74613E6D285649BB00FF1EF2 /* Products */;
			projectDirPath = "";
			projectRoot = "";
			targets = (
				74613E6B285649BB00FF1EF2 /* Chess_UIKit */,
			);
		};
/* End PBXProject section */

/* Begin PBXResourcesBuildPhase section */
		74613E6A285649BB00FF1EF2 /* Resources */ = {
			isa = PBXResourcesBuildPhase;
			buildActionMask = 2147483647;
			files = (
				74613E7C285649BD00FF1EF2 /* LaunchScreen.storyboard in Resources */,
				74613E79285649BD00FF1EF2 /* Assets.xcassets in Resources */,
			);
			runOnlyForDeploymentPostprocessing = 0;
		};
/* End PBXResourcesBuildPhase section */

/* Begin PBXSourcesBuildPhase section */
		74613E68285649BB00FF1EF2 /* Sources */ = {
			isa = PBXSourcesBuildPhase;
			buildActionMask = 2147483647;
			files = (
				74660A9228591B22006FBF70 /* Theme.swift in Sources */,
				7413948B2856563300159033 /* Square.swift in Sources */,
				741394892856555900159033 /* GameLogic.swift in Sources */,
				74660A9428591E22006FBF70 /* Figure.swift in Sources */,
				74027DD3285B92CA00806401 /* Player.swift in Sources */,
				74613E74285649BB00FF1EF2 /* GameViewController.swift in Sources */,
				7483B516285754B100BF3447 /* UIExtensions.swift in Sources */,
				7413948F28565EEB00159033 /* GameBoard.swift in Sources */,
				74613E70285649BB00FF1EF2 /* AppDelegate.swift in Sources */,
				74700158285B49CB00CB7692 /* Turn.swift in Sources */,
				7413948D2856566500159033 /* Enums.swift in Sources */,
				74613E72285649BB00FF1EF2 /* SceneDelegate.swift in Sources */,
			);
			runOnlyForDeploymentPostprocessing = 0;
		};
/* End PBXSourcesBuildPhase section */

/* Begin PBXVariantGroup section */
		74613E7A285649BD00FF1EF2 /* LaunchScreen.storyboard */ = {
			isa = PBXVariantGroup;
			children = (
				74613E7B285649BD00FF1EF2 /* Base */,
			);
			name = LaunchScreen.storyboard;
			sourceTree = "<group>";
		};
/* End PBXVariantGroup section */

/* Begin XCBuildConfiguration section */
		74613E7E285649BD00FF1EF2 /* Debug */ = {
			isa = XCBuildConfiguration;
			buildSettings = {
				ALWAYS_SEARCH_USER_PATHS = NO;
				CLANG_ANALYZER_NONNULL = YES;
				CLANG_ANALYZER_NUMBER_OBJECT_CONVERSION = YES_AGGRESSIVE;
				CLANG_CXX_LANGUAGE_STANDARD = "gnu++17";
				CLANG_CXX_LIBRARY = "libc++";
				CLANG_ENABLE_MODULES = YES;
				CLANG_ENABLE_OBJC_ARC = YES;
				CLANG_ENABLE_OBJC_WEAK = YES;
				CLANG_WARN_BLOCK_CAPTURE_AUTORELEASING = YES;
				CLANG_WARN_BOOL_CONVERSION = YES;
				CLANG_WARN_COMMA = YES;
				CLANG_WARN_CONSTANT_CONVERSION = YES;
				CLANG_WARN_DEPRECATED_OBJC_IMPLEMENTATIONS = YES;
				CLANG_WARN_DIRECT_OBJC_ISA_USAGE = YES_ERROR;
				CLANG_WARN_DOCUMENTATION_COMMENTS = YES;
				CLANG_WARN_EMPTY_BODY = YES;
				CLANG_WARN_ENUM_CONVERSION = YES;
				CLANG_WARN_INFINITE_RECURSION = YES;
				CLANG_WARN_INT_CONVERSION = YES;
				CLANG_WARN_NON_LITERAL_NULL_CONVERSION = YES;
				CLANG_WARN_OBJC_IMPLICIT_RETAIN_SELF = YES;
				CLANG_WARN_OBJC_LITERAL_CONVERSION = YES;
				CLANG_WARN_OBJC_ROOT_CLASS = YES_ERROR;
				CLANG_WARN_QUOTED_INCLUDE_IN_FRAMEWORK_HEADER = YES;
				CLANG_WARN_RANGE_LOOP_ANALYSIS = YES;
				CLANG_WARN_STRICT_PROTOTYPES = YES;
				CLANG_WARN_SUSPICIOUS_MOVE = YES;
				CLANG_WARN_UNGUARDED_AVAILABILITY = YES_AGGRESSIVE;
				CLANG_WARN_UNREACHABLE_CODE = YES;
				CLANG_WARN__DUPLICATE_METHOD_MATCH = YES;
				COPY_PHASE_STRIP = NO;
				DEBUG_INFORMATION_FORMAT = dwarf;
				ENABLE_STRICT_OBJC_MSGSEND = YES;
				ENABLE_TESTABILITY = YES;
				GCC_C_LANGUAGE_STANDARD = gnu11;
				GCC_DYNAMIC_NO_PIC = NO;
				GCC_NO_COMMON_BLOCKS = YES;
				GCC_OPTIMIZATION_LEVEL = 0;
				GCC_PREPROCESSOR_DEFINITIONS = (
					"DEBUG=1",
					"$(inherited)",
				);
				GCC_WARN_64_TO_32_BIT_CONVERSION = YES;
				GCC_WARN_ABOUT_RETURN_TYPE = YES_ERROR;
				GCC_WARN_UNDECLARED_SELECTOR = YES;
				GCC_WARN_UNINITIALIZED_AUTOS = YES_AGGRESSIVE;
				GCC_WARN_UNUSED_FUNCTION = YES;
				GCC_WARN_UNUSED_VARIABLE = YES;
				IPHONEOS_DEPLOYMENT_TARGET = 15.0;
				MTL_ENABLE_DEBUG_INFO = INCLUDE_SOURCE;
				MTL_FAST_MATH = YES;
				ONLY_ACTIVE_ARCH = YES;
				SDKROOT = iphoneos;
				SWIFT_ACTIVE_COMPILATION_CONDITIONS = DEBUG;
				SWIFT_OPTIMIZATION_LEVEL = "-Onone";
			};
			name = Debug;
		};
		74613E7F285649BD00FF1EF2 /* Release */ = {
			isa = XCBuildConfiguration;
			buildSettings = {
				ALWAYS_SEARCH_USER_PATHS = NO;
				CLANG_ANALYZER_NONNULL = YES;
				CLANG_ANALYZER_NUMBER_OBJECT_CONVERSION = YES_AGGRESSIVE;
				CLANG_CXX_LANGUAGE_STANDARD = "gnu++17";
				CLANG_CXX_LIBRARY = "libc++";
				CLANG_ENABLE_MODULES = YES;
				CLANG_ENABLE_OBJC_ARC = YES;
				CLANG_ENABLE_OBJC_WEAK = YES;
				CLANG_WARN_BLOCK_CAPTURE_AUTORELEASING = YES;
				CLANG_WARN_BOOL_CONVERSION = YES;
				CLANG_WARN_COMMA = YES;
				CLANG_WARN_CONSTANT_CONVERSION = YES;
				CLANG_WARN_DEPRECATED_OBJC_IMPLEMENTATIONS = YES;
				CLANG_WARN_DIRECT_OBJC_ISA_USAGE = YES_ERROR;
				CLANG_WARN_DOCUMENTATION_COMMENTS = YES;
				CLANG_WARN_EMPTY_BODY = YES;
				CLANG_WARN_ENUM_CONVERSION = YES;
				CLANG_WARN_INFINITE_RECURSION = YES;
				CLANG_WARN_INT_CONVERSION = YES;
				CLANG_WARN_NON_LITERAL_NULL_CONVERSION = YES;
				CLANG_WARN_OBJC_IMPLICIT_RETAIN_SELF = YES;
				CLANG_WARN_OBJC_LITERAL_CONVERSION = YES;
				CLANG_WARN_OBJC_ROOT_CLASS = YES_ERROR;
				CLANG_WARN_QUOTED_INCLUDE_IN_FRAMEWORK_HEADER = YES;
				CLANG_WARN_RANGE_LOOP_ANALYSIS = YES;
				CLANG_WARN_STRICT_PROTOTYPES = YES;
				CLANG_WARN_SUSPICIOUS_MOVE = YES;
				CLANG_WARN_UNGUARDED_AVAILABILITY = YES_AGGRESSIVE;
				CLANG_WARN_UNREACHABLE_CODE = YES;
				CLANG_WARN__DUPLICATE_METHOD_MATCH = YES;
				COPY_PHASE_STRIP = NO;
				DEBUG_INFORMATION_FORMAT = "dwarf-with-dsym";
				ENABLE_NS_ASSERTIONS = NO;
				ENABLE_STRICT_OBJC_MSGSEND = YES;
				GCC_C_LANGUAGE_STANDARD = gnu11;
				GCC_NO_COMMON_BLOCKS = YES;
				GCC_WARN_64_TO_32_BIT_CONVERSION = YES;
				GCC_WARN_ABOUT_RETURN_TYPE = YES_ERROR;
				GCC_WARN_UNDECLARED_SELECTOR = YES;
				GCC_WARN_UNINITIALIZED_AUTOS = YES_AGGRESSIVE;
				GCC_WARN_UNUSED_FUNCTION = YES;
				GCC_WARN_UNUSED_VARIABLE = YES;
				IPHONEOS_DEPLOYMENT_TARGET = 15.0;
				MTL_ENABLE_DEBUG_INFO = NO;
				MTL_FAST_MATH = YES;
				SDKROOT = iphoneos;
				SWIFT_COMPILATION_MODE = wholemodule;
				SWIFT_OPTIMIZATION_LEVEL = "-O";
				VALIDATE_PRODUCT = YES;
			};
			name = Release;
		};
		74613E81285649BD00FF1EF2 /* Debug */ = {
			isa = XCBuildConfiguration;
			buildSettings = {
				ASSETCATALOG_COMPILER_APPICON_NAME = AppIcon;
				ASSETCATALOG_COMPILER_GLOBAL_ACCENT_COLOR_NAME = AccentColor;
				CODE_SIGN_STYLE = Automatic;
				CURRENT_PROJECT_VERSION = 1;
				DEVELOPMENT_TEAM = G487ZXUKF3;
				GENERATE_INFOPLIST_FILE = YES;
				INFOPLIST_FILE = Chess_UIKit/Info.plist;
				INFOPLIST_KEY_UIApplicationSupportsIndirectInputEvents = YES;
				INFOPLIST_KEY_UILaunchStoryboardName = LaunchScreen;
				INFOPLIST_KEY_UISupportedInterfaceOrientations_iPad = "UIInterfaceOrientationPortrait UIInterfaceOrientationPortraitUpsideDown UIInterfaceOrientationLandscapeLeft UIInterfaceOrientationLandscapeRight";
				INFOPLIST_KEY_UISupportedInterfaceOrientations_iPhone = "UIInterfaceOrientationPortrait UIInterfaceOrientationLandscapeLeft UIInterfaceOrientationLandscapeRight";
				LD_RUNPATH_SEARCH_PATHS = (
					"$(inherited)",
					"@executable_path/Frameworks",
				);
				MARKETING_VERSION = 1.0;
				PRODUCT_BUNDLE_IDENTIFIER = "com.VladNechyporenko.Chess-UIKit";
				PRODUCT_NAME = "$(TARGET_NAME)";
				SWIFT_EMIT_LOC_STRINGS = YES;
				SWIFT_VERSION = 5.0;
				TARGETED_DEVICE_FAMILY = "1,2";
			};
			name = Debug;
		};
		74613E82285649BD00FF1EF2 /* Release */ = {
			isa = XCBuildConfiguration;
			buildSettings = {
				ASSETCATALOG_COMPILER_APPICON_NAME = AppIcon;
				ASSETCATALOG_COMPILER_GLOBAL_ACCENT_COLOR_NAME = AccentColor;
				CODE_SIGN_STYLE = Automatic;
				CURRENT_PROJECT_VERSION = 1;
				DEVELOPMENT_TEAM = G487ZXUKF3;
				GENERATE_INFOPLIST_FILE = YES;
				INFOPLIST_FILE = Chess_UIKit/Info.plist;
				INFOPLIST_KEY_UIApplicationSupportsIndirectInputEvents = YES;
				INFOPLIST_KEY_UILaunchStoryboardName = LaunchScreen;
				INFOPLIST_KEY_UISupportedInterfaceOrientations_iPad = "UIInterfaceOrientationPortrait UIInterfaceOrientationPortraitUpsideDown UIInterfaceOrientationLandscapeLeft UIInterfaceOrientationLandscapeRight";
				INFOPLIST_KEY_UISupportedInterfaceOrientations_iPhone = "UIInterfaceOrientationPortrait UIInterfaceOrientationLandscapeLeft UIInterfaceOrientationLandscapeRight";
				LD_RUNPATH_SEARCH_PATHS = (
					"$(inherited)",
					"@executable_path/Frameworks",
				);
				MARKETING_VERSION = 1.0;
				PRODUCT_BUNDLE_IDENTIFIER = "com.VladNechyporenko.Chess-UIKit";
				PRODUCT_NAME = "$(TARGET_NAME)";
				SWIFT_EMIT_LOC_STRINGS = YES;
				SWIFT_VERSION = 5.0;
				TARGETED_DEVICE_FAMILY = "1,2";
			};
			name = Release;
		};
/* End XCBuildConfiguration section */

/* Begin XCConfigurationList section */
		74613E67285649BB00FF1EF2 /* Build configuration list for PBXProject "Chess_UIKit" */ = {
			isa = XCConfigurationList;
			buildConfigurations = (
				74613E7E285649BD00FF1EF2 /* Debug */,
				74613E7F285649BD00FF1EF2 /* Release */,
			);
			defaultConfigurationIsVisible = 0;
			defaultConfigurationName = Release;
		};
		74613E80285649BD00FF1EF2 /* Build configuration list for PBXNativeTarget "Chess_UIKit" */ = {
			isa = XCConfigurationList;
			buildConfigurations = (
				74613E81285649BD00FF1EF2 /* Debug */,
				74613E82285649BD00FF1EF2 /* Release */,
			);
			defaultConfigurationIsVisible = 0;
			defaultConfigurationName = Release;
		};
/* End XCConfigurationList section */
	};
	rootObject = 74613E64285649BB00FF1EF2 /* Project object */;
}
